// !$*UTF8*$!
{
	archiveVersion = 1;
	classes = {
	};
	objectVersion = 46;
	objects = {

/* Begin PBXBuildFile section */
		8420FBBA198B191B0003BF97 /* Foundation.framework in Frameworks */ = {isa = PBXBuildFile; fileRef = 8420FBB9198B191B0003BF97 /* Foundation.framework */; };
		8420FBBC198B191B0003BF97 /* CoreGraphics.framework in Frameworks */ = {isa = PBXBuildFile; fileRef = 8420FBBB198B191B0003BF97 /* CoreGraphics.framework */; };
		8420FBBE198B191B0003BF97 /* UIKit.framework in Frameworks */ = {isa = PBXBuildFile; fileRef = 8420FBBD198B191B0003BF97 /* UIKit.framework */; };
		8420FBC4198B191B0003BF97 /* InfoPlist.strings in Resources */ = {isa = PBXBuildFile; fileRef = 8420FBC2198B191B0003BF97 /* InfoPlist.strings */; };
		8420FBC6198B191B0003BF97 /* main.m in Sources */ = {isa = PBXBuildFile; fileRef = 8420FBC5198B191B0003BF97 /* main.m */; };
		8420FBCA198B191B0003BF97 /* AppDelegate.m in Sources */ = {isa = PBXBuildFile; fileRef = 8420FBC9198B191B0003BF97 /* AppDelegate.m */; };
		8420FBD0198B191B0003BF97 /* ViewController.m in Sources */ = {isa = PBXBuildFile; fileRef = 8420FBCF198B191B0003BF97 /* ViewController.m */; };
		8420FBD2198B191B0003BF97 /* Images.xcassets in Resources */ = {isa = PBXBuildFile; fileRef = 8420FBD1198B191B0003BF97 /* Images.xcassets */; };
		8420FBD9198B191B0003BF97 /* XCTest.framework in Frameworks */ = {isa = PBXBuildFile; fileRef = 8420FBD8198B191B0003BF97 /* XCTest.framework */; };
		8420FBDA198B191B0003BF97 /* Foundation.framework in Frameworks */ = {isa = PBXBuildFile; fileRef = 8420FBB9198B191B0003BF97 /* Foundation.framework */; };
		8420FBDB198B191B0003BF97 /* UIKit.framework in Frameworks */ = {isa = PBXBuildFile; fileRef = 8420FBBD198B191B0003BF97 /* UIKit.framework */; };
		8420FBE3198B191C0003BF97 /* InfoPlist.strings in Resources */ = {isa = PBXBuildFile; fileRef = 8420FBE1198B191C0003BF97 /* InfoPlist.strings */; };
		8420FBE5198B191C0003BF97 /* categoriesTreeMeliTests.m in Sources */ = {isa = PBXBuildFile; fileRef = 8420FBE4198B191C0003BF97 /* categoriesTreeMeliTests.m */; };
		8420FBF3198B2C280003BF97 /* ChildCategoriesViewController.m in Sources */ = {isa = PBXBuildFile; fileRef = 8420FBF2198B2C280003BF97 /* ChildCategoriesViewController.m */; };
		84553C2E198E7D8E007B3B3E /* TabBarController.m in Sources */ = {isa = PBXBuildFile; fileRef = 84553C2D198E7D8E007B3B3E /* TabBarController.m */; };
		84553C34198E9573007B3B3E /* FilterViewController.m in Sources */ = {isa = PBXBuildFile; fileRef = 84553C33198E9573007B3B3E /* FilterViewController.m */; };
		845B3CB4198D8E090061F3A5 /* Main.storyboard in Resources */ = {isa = PBXBuildFile; fileRef = 845B3CB3198D8E080061F3A5 /* Main.storyboard */; };
		845B3CB7198DA2280061F3A5 /* ItemViewController.m in Sources */ = {isa = PBXBuildFile; fileRef = 845B3CB6198DA2280061F3A5 /* ItemViewController.m */; };
		845B3CC0198DA8720061F3A5 /* CustomTableViewCell.m in Sources */ = {isa = PBXBuildFile; fileRef = 845B3CBF198DA8720061F3A5 /* CustomTableViewCell.m */; };
		845B3CC3198DC7840061F3A5 /* SingleItemViewController.m in Sources */ = {isa = PBXBuildFile; fileRef = 845B3CC2198DC7840061F3A5 /* SingleItemViewController.m */; };
		845B3CC6198DD2560061F3A5 /* DescriptionItemViewController.m in Sources */ = {isa = PBXBuildFile; fileRef = 845B3CC5198DD2560061F3A5 /* DescriptionItemViewController.m */; };
		845B3CC9198DD9590061F3A5 /* SearchViewController.m in Sources */ = {isa = PBXBuildFile; fileRef = 845B3CC8198DD9590061F3A5 /* SearchViewController.m */; };
		84E1E6A0198EBBB400293103 /* search.png in Resources */ = {isa = PBXBuildFile; fileRef = 84E1E69F198EBBB400293103 /* search.png */; };
		84E1E6A2198EBBF000293103 /* hierarchy.png in Resources */ = {isa = PBXBuildFile; fileRef = 84E1E6A1198EBBF000293103 /* hierarchy.png */; };
/* End PBXBuildFile section */

/* Begin PBXContainerItemProxy section */
		8420FBDC198B191C0003BF97 /* PBXContainerItemProxy */ = {
			isa = PBXContainerItemProxy;
			containerPortal = 8420FBAE198B191B0003BF97 /* Project object */;
			proxyType = 1;
			remoteGlobalIDString = 8420FBB5198B191B0003BF97;
			remoteInfo = categoriesTreeMeli;
		};
/* End PBXContainerItemProxy section */

/* Begin PBXFileReference section */
		8420FBB6198B191B0003BF97 /* categoriesTreeMeli.app */ = {isa = PBXFileReference; explicitFileType = wrapper.application; includeInIndex = 0; path = categoriesTreeMeli.app; sourceTree = BUILT_PRODUCTS_DIR; };
		8420FBB9198B191B0003BF97 /* Foundation.framework */ = {isa = PBXFileReference; lastKnownFileType = wrapper.framework; name = Foundation.framework; path = System/Library/Frameworks/Foundation.framework; sourceTree = SDKROOT; };
		8420FBBB198B191B0003BF97 /* CoreGraphics.framework */ = {isa = PBXFileReference; lastKnownFileType = wrapper.framework; name = CoreGraphics.framework; path = System/Library/Frameworks/CoreGraphics.framework; sourceTree = SDKROOT; };
		8420FBBD198B191B0003BF97 /* UIKit.framework */ = {isa = PBXFileReference; lastKnownFileType = wrapper.framework; name = UIKit.framework; path = System/Library/Frameworks/UIKit.framework; sourceTree = SDKROOT; };
		8420FBC1198B191B0003BF97 /* categoriesTreeMeli-Info.plist */ = {isa = PBXFileReference; lastKnownFileType = text.plist.xml; path = "categoriesTreeMeli-Info.plist"; sourceTree = "<group>"; };
		8420FBC3198B191B0003BF97 /* en */ = {isa = PBXFileReference; lastKnownFileType = text.plist.strings; name = en; path = en.lproj/InfoPlist.strings; sourceTree = "<group>"; };
		8420FBC5198B191B0003BF97 /* main.m */ = {isa = PBXFileReference; lastKnownFileType = sourcecode.c.objc; path = main.m; sourceTree = "<group>"; };
		8420FBC7198B191B0003BF97 /* categoriesTreeMeli-Prefix.pch */ = {isa = PBXFileReference; lastKnownFileType = sourcecode.c.h; path = "categoriesTreeMeli-Prefix.pch"; sourceTree = "<group>"; };
		8420FBC8198B191B0003BF97 /* AppDelegate.h */ = {isa = PBXFileReference; lastKnownFileType = sourcecode.c.h; path = AppDelegate.h; sourceTree = "<group>"; };
		8420FBC9198B191B0003BF97 /* AppDelegate.m */ = {isa = PBXFileReference; lastKnownFileType = sourcecode.c.objc; path = AppDelegate.m; sourceTree = "<group>"; };
		8420FBCE198B191B0003BF97 /* ViewController.h */ = {isa = PBXFileReference; lastKnownFileType = sourcecode.c.h; path = ViewController.h; sourceTree = "<group>"; };
		8420FBCF198B191B0003BF97 /* ViewController.m */ = {isa = PBXFileReference; lastKnownFileType = sourcecode.c.objc; path = ViewController.m; sourceTree = "<group>"; };
		8420FBD1198B191B0003BF97 /* Images.xcassets */ = {isa = PBXFileReference; lastKnownFileType = folder.assetcatalog; path = Images.xcassets; sourceTree = "<group>"; };
		8420FBD7198B191B0003BF97 /* categoriesTreeMeliTests.xctest */ = {isa = PBXFileReference; explicitFileType = wrapper.cfbundle; includeInIndex = 0; path = categoriesTreeMeliTests.xctest; sourceTree = BUILT_PRODUCTS_DIR; };
		8420FBD8198B191B0003BF97 /* XCTest.framework */ = {isa = PBXFileReference; lastKnownFileType = wrapper.framework; name = XCTest.framework; path = Library/Frameworks/XCTest.framework; sourceTree = DEVELOPER_DIR; };
		8420FBE0198B191C0003BF97 /* categoriesTreeMeliTests-Info.plist */ = {isa = PBXFileReference; lastKnownFileType = text.plist.xml; path = "categoriesTreeMeliTests-Info.plist"; sourceTree = "<group>"; };
		8420FBE2198B191C0003BF97 /* en */ = {isa = PBXFileReference; lastKnownFileType = text.plist.strings; name = en; path = en.lproj/InfoPlist.strings; sourceTree = "<group>"; };
		8420FBE4198B191C0003BF97 /* categoriesTreeMeliTests.m */ = {isa = PBXFileReference; lastKnownFileType = sourcecode.c.objc; path = categoriesTreeMeliTests.m; sourceTree = "<group>"; };
		8420FBF1198B2C280003BF97 /* ChildCategoriesViewController.h */ = {isa = PBXFileReference; fileEncoding = 4; lastKnownFileType = sourcecode.c.h; name = ChildCategoriesViewController.h; path = ../ChildCategoriesViewController.h; sourceTree = "<group>"; };
		8420FBF2198B2C280003BF97 /* ChildCategoriesViewController.m */ = {isa = PBXFileReference; fileEncoding = 4; lastKnownFileType = sourcecode.c.objc; name = ChildCategoriesViewController.m; path = ../ChildCategoriesViewController.m; sourceTree = "<group>"; };
		84553C2C198E7D8E007B3B3E /* TabBarController.h */ = {isa = PBXFileReference; fileEncoding = 4; lastKnownFileType = sourcecode.c.h; path = TabBarController.h; sourceTree = "<group>"; };
		84553C2D198E7D8E007B3B3E /* TabBarController.m */ = {isa = PBXFileReference; fileEncoding = 4; lastKnownFileType = sourcecode.c.objc; path = TabBarController.m; sourceTree = "<group>"; };
		84553C32198E9573007B3B3E /* FilterViewController.h */ = {isa = PBXFileReference; fileEncoding = 4; lastKnownFileType = sourcecode.c.h; path = FilterViewController.h; sourceTree = "<group>"; };
		84553C33198E9573007B3B3E /* FilterViewController.m */ = {isa = PBXFileReference; fileEncoding = 4; lastKnownFileType = sourcecode.c.objc; path = FilterViewController.m; sourceTree = "<group>"; };
		845B3CB3198D8E080061F3A5 /* Main.storyboard */ = {isa = PBXFileReference; fileEncoding = 4; lastKnownFileType = file.storyboard; name = Main.storyboard; path = ../Main.storyboard; sourceTree = "<group>"; };
		845B3CB5198DA2280061F3A5 /* ItemViewController.h */ = {isa = PBXFileReference; fileEncoding = 4; lastKnownFileType = sourcecode.c.h; path = ItemViewController.h; sourceTree = "<group>"; };
		845B3CB6198DA2280061F3A5 /* ItemViewController.m */ = {isa = PBXFileReference; fileEncoding = 4; lastKnownFileType = sourcecode.c.objc; path = ItemViewController.m; sourceTree = "<group>"; };
		845B3CBE198DA8720061F3A5 /* CustomTableViewCell.h */ = {isa = PBXFileReference; fileEncoding = 4; lastKnownFileType = sourcecode.c.h; path = CustomTableViewCell.h; sourceTree = "<group>"; };
		845B3CBF198DA8720061F3A5 /* CustomTableViewCell.m */ = {isa = PBXFileReference; fileEncoding = 4; lastKnownFileType = sourcecode.c.objc; path = CustomTableViewCell.m; sourceTree = "<group>"; };
		845B3CC1198DC7840061F3A5 /* SingleItemViewController.h */ = {isa = PBXFileReference; fileEncoding = 4; lastKnownFileType = sourcecode.c.h; path = SingleItemViewController.h; sourceTree = "<group>"; };
		845B3CC2198DC7840061F3A5 /* SingleItemViewController.m */ = {isa = PBXFileReference; fileEncoding = 4; lastKnownFileType = sourcecode.c.objc; path = SingleItemViewController.m; sourceTree = "<group>"; };
		845B3CC4198DD2560061F3A5 /* DescriptionItemViewController.h */ = {isa = PBXFileReference; fileEncoding = 4; lastKnownFileType = sourcecode.c.h; path = DescriptionItemViewController.h; sourceTree = "<group>"; };
		845B3CC5198DD2560061F3A5 /* DescriptionItemViewController.m */ = {isa = PBXFileReference; fileEncoding = 4; lastKnownFileType = sourcecode.c.objc; path = DescriptionItemViewController.m; sourceTree = "<group>"; };
		845B3CC7198DD9590061F3A5 /* SearchViewController.h */ = {isa = PBXFileReference; fileEncoding = 4; lastKnownFileType = sourcecode.c.h; path = SearchViewController.h; sourceTree = "<group>"; };
		845B3CC8198DD9590061F3A5 /* SearchViewController.m */ = {isa = PBXFileReference; fileEncoding = 4; lastKnownFileType = sourcecode.c.objc; path = SearchViewController.m; sourceTree = "<group>"; };
		84E1E69F198EBBB400293103 /* search.png */ = {isa = PBXFileReference; lastKnownFileType = image.png; path = search.png; sourceTree = "<group>"; };
		84E1E6A1198EBBF000293103 /* hierarchy.png */ = {isa = PBXFileReference; lastKnownFileType = image.png; path = hierarchy.png; sourceTree = "<group>"; };
/* End PBXFileReference section */

/* Begin PBXFrameworksBuildPhase section */
		8420FBB3198B191B0003BF97 /* Frameworks */ = {
			isa = PBXFrameworksBuildPhase;
			buildActionMask = 2147483647;
			files = (
				8420FBBC198B191B0003BF97 /* CoreGraphics.framework in Frameworks */,
				8420FBBE198B191B0003BF97 /* UIKit.framework in Frameworks */,
				8420FBBA198B191B0003BF97 /* Foundation.framework in Frameworks */,
			);
			runOnlyForDeploymentPostprocessing = 0;
		};
		8420FBD4198B191B0003BF97 /* Frameworks */ = {
			isa = PBXFrameworksBuildPhase;
			buildActionMask = 2147483647;
			files = (
				8420FBD9198B191B0003BF97 /* XCTest.framework in Frameworks */,
				8420FBDB198B191B0003BF97 /* UIKit.framework in Frameworks */,
				8420FBDA198B191B0003BF97 /* Foundation.framework in Frameworks */,
			);
			runOnlyForDeploymentPostprocessing = 0;
		};
/* End PBXFrameworksBuildPhase section */

/* Begin PBXGroup section */
		8420FBAD198B191B0003BF97 = {
			isa = PBXGroup;
			children = (
				8420FBBF198B191B0003BF97 /* categoriesTreeMeli */,
				8420FBDE198B191C0003BF97 /* categoriesTreeMeliTests */,
				8420FBB8198B191B0003BF97 /* Frameworks */,
				8420FBB7198B191B0003BF97 /* Products */,
			);
			sourceTree = "<group>";
		};
		8420FBB7198B191B0003BF97 /* Products */ = {
			isa = PBXGroup;
			children = (
				8420FBB6198B191B0003BF97 /* categoriesTreeMeli.app */,
				8420FBD7198B191B0003BF97 /* categoriesTreeMeliTests.xctest */,
			);
			name = Products;
			sourceTree = "<group>";
		};
		8420FBB8198B191B0003BF97 /* Frameworks */ = {
			isa = PBXGroup;
			children = (
				8420FBB9198B191B0003BF97 /* Foundation.framework */,
				8420FBBB198B191B0003BF97 /* CoreGraphics.framework */,
				8420FBBD198B191B0003BF97 /* UIKit.framework */,
				8420FBD8198B191B0003BF97 /* XCTest.framework */,
			);
			name = Frameworks;
			sourceTree = "<group>";
		};
		8420FBBF198B191B0003BF97 /* categoriesTreeMeli */ = {
			isa = PBXGroup;
			children = (
				8420FBF1198B2C280003BF97 /* ChildCategoriesViewController.h */,
				8420FBF2198B2C280003BF97 /* ChildCategoriesViewController.m */,
				845B3CB3198D8E080061F3A5 /* Main.storyboard */,
				845B3CC7198DD9590061F3A5 /* SearchViewController.h */,
				845B3CC8198DD9590061F3A5 /* SearchViewController.m */,
				84553C32198E9573007B3B3E /* FilterViewController.h */,
				84553C33198E9573007B3B3E /* FilterViewController.m */,
				845B3CC4198DD2560061F3A5 /* DescriptionItemViewController.h */,
				845B3CC5198DD2560061F3A5 /* DescriptionItemViewController.m */,
				845B3CC1198DC7840061F3A5 /* SingleItemViewController.h */,
				845B3CC2198DC7840061F3A5 /* SingleItemViewController.m */,
				845B3CBE198DA8720061F3A5 /* CustomTableViewCell.h */,
				845B3CBF198DA8720061F3A5 /* CustomTableViewCell.m */,
				845B3CB5198DA2280061F3A5 /* ItemViewController.h */,
				845B3CB6198DA2280061F3A5 /* ItemViewController.m */,
				8420FBC8198B191B0003BF97 /* AppDelegate.h */,
				8420FBC9198B191B0003BF97 /* AppDelegate.m */,
				8420FBCE198B191B0003BF97 /* ViewController.h */,
				8420FBCF198B191B0003BF97 /* ViewController.m */,
				84553C2C198E7D8E007B3B3E /* TabBarController.h */,
				84553C2D198E7D8E007B3B3E /* TabBarController.m */,
				84E1E69F198EBBB400293103 /* search.png */,
				84E1E6A1198EBBF000293103 /* hierarchy.png */,
				8420FBD1198B191B0003BF97 /* Images.xcassets */,
				8420FBC0198B191B0003BF97 /* Supporting Files */,
			);
			path = categoriesTreeMeli;
			sourceTree = "<group>";
		};
		8420FBC0198B191B0003BF97 /* Supporting Files */ = {
			isa = PBXGroup;
			children = (
				8420FBC1198B191B0003BF97 /* categoriesTreeMeli-Info.plist */,
				8420FBC2198B191B0003BF97 /* InfoPlist.strings */,
				8420FBC5198B191B0003BF97 /* main.m */,
				8420FBC7198B191B0003BF97 /* categoriesTreeMeli-Prefix.pch */,
			);
			name = "Supporting Files";
			sourceTree = "<group>";
		};
		8420FBDE198B191C0003BF97 /* categoriesTreeMeliTests */ = {
			isa = PBXGroup;
			children = (
				8420FBE4198B191C0003BF97 /* categoriesTreeMeliTests.m */,
				8420FBDF198B191C0003BF97 /* Supporting Files */,
			);
			path = categoriesTreeMeliTests;
			sourceTree = "<group>";
		};
		8420FBDF198B191C0003BF97 /* Supporting Files */ = {
			isa = PBXGroup;
			children = (
				8420FBE0198B191C0003BF97 /* categoriesTreeMeliTests-Info.plist */,
				8420FBE1198B191C0003BF97 /* InfoPlist.strings */,
			);
			name = "Supporting Files";
			sourceTree = "<group>";
		};
/* End PBXGroup section */

/* Begin PBXNativeTarget section */
		8420FBB5198B191B0003BF97 /* categoriesTreeMeli */ = {
			isa = PBXNativeTarget;
			buildConfigurationList = 8420FBE8198B191C0003BF97 /* Build configuration list for PBXNativeTarget "categoriesTreeMeli" */;
			buildPhases = (
				8420FBB2198B191B0003BF97 /* Sources */,
				8420FBB3198B191B0003BF97 /* Frameworks */,
				8420FBB4198B191B0003BF97 /* Resources */,
			);
			buildRules = (
			);
			dependencies = (
			);
			name = categoriesTreeMeli;
			productName = categoriesTreeMeli;
			productReference = 8420FBB6198B191B0003BF97 /* categoriesTreeMeli.app */;
			productType = "com.apple.product-type.application";
		};
		8420FBD6198B191B0003BF97 /* categoriesTreeMeliTests */ = {
			isa = PBXNativeTarget;
			buildConfigurationList = 8420FBEB198B191C0003BF97 /* Build configuration list for PBXNativeTarget "categoriesTreeMeliTests" */;
			buildPhases = (
				8420FBD3198B191B0003BF97 /* Sources */,
				8420FBD4198B191B0003BF97 /* Frameworks */,
				8420FBD5198B191B0003BF97 /* Resources */,
			);
			buildRules = (
			);
			dependencies = (
				8420FBDD198B191C0003BF97 /* PBXTargetDependency */,
			);
			name = categoriesTreeMeliTests;
			productName = categoriesTreeMeliTests;
			productReference = 8420FBD7198B191B0003BF97 /* categoriesTreeMeliTests.xctest */;
			productType = "com.apple.product-type.bundle.unit-test";
		};
/* End PBXNativeTarget section */

/* Begin PBXProject section */
		8420FBAE198B191B0003BF97 /* Project object */ = {
			isa = PBXProject;
			attributes = {
				LastUpgradeCheck = 0510;
				ORGANIZATIONNAME = usuario;
				TargetAttributes = {
					8420FBD6198B191B0003BF97 = {
						TestTargetID = 8420FBB5198B191B0003BF97;
					};
				};
			};
			buildConfigurationList = 8420FBB1198B191B0003BF97 /* Build configuration list for PBXProject "categoriesTreeMeli" */;
			compatibilityVersion = "Xcode 3.2";
			developmentRegion = English;
			hasScannedForEncodings = 0;
			knownRegions = (
				en,
				Base,
			);
			mainGroup = 8420FBAD198B191B0003BF97;
			productRefGroup = 8420FBB7198B191B0003BF97 /* Products */;
			projectDirPath = "";
			projectRoot = "";
			targets = (
				8420FBB5198B191B0003BF97 /* categoriesTreeMeli */,
				8420FBD6198B191B0003BF97 /* categoriesTreeMeliTests */,
			);
		};
/* End PBXProject section */

/* Begin PBXResourcesBuildPhase section */
		8420FBB4198B191B0003BF97 /* Resources */ = {
			isa = PBXResourcesBuildPhase;
			buildActionMask = 2147483647;
			files = (
				845B3CB4198D8E090061F3A5 /* Main.storyboard in Resources */,
				8420FBD2198B191B0003BF97 /* Images.xcassets in Resources */,
				8420FBC4198B191B0003BF97 /* InfoPlist.strings in Resources */,
				84E1E6A0198EBBB400293103 /* search.png in Resources */,
				84E1E6A2198EBBF000293103 /* hierarchy.png in Resources */,
			);
			runOnlyForDeploymentPostprocessing = 0;
		};
		8420FBD5198B191B0003BF97 /* Resources */ = {
			isa = PBXResourcesBuildPhase;
			buildActionMask = 2147483647;
			files = (
				8420FBE3198B191C0003BF97 /* InfoPlist.strings in Resources */,
			);
			runOnlyForDeploymentPostprocessing = 0;
		};
/* End PBXResourcesBuildPhase section */

/* Begin PBXSourcesBuildPhase section */
		8420FBB2198B191B0003BF97 /* Sources */ = {
			isa = PBXSourcesBuildPhase;
			buildActionMask = 2147483647;
			files = (
				8420FBD0198B191B0003BF97 /* ViewController.m in Sources */,
				8420FBCA198B191B0003BF97 /* AppDelegate.m in Sources */,
				845B3CC3198DC7840061F3A5 /* SingleItemViewController.m in Sources */,
				84553C34198E9573007B3B3E /* FilterViewController.m in Sources */,
				845B3CC0198DA8720061F3A5 /* CustomTableViewCell.m in Sources */,
				845B3CC9198DD9590061F3A5 /* SearchViewController.m in Sources */,
				845B3CC6198DD2560061F3A5 /* DescriptionItemViewController.m in Sources */,
				845B3CB7198DA2280061F3A5 /* ItemViewController.m in Sources */,
				84553C2E198E7D8E007B3B3E /* TabBarController.m in Sources */,
				8420FBC6198B191B0003BF97 /* main.m in Sources */,
				8420FBF3198B2C280003BF97 /* ChildCategoriesViewController.m in Sources */,
			);
			runOnlyForDeploymentPostprocessing = 0;
		};
		8420FBD3198B191B0003BF97 /* Sources */ = {
			isa = PBXSourcesBuildPhase;
			buildActionMask = 2147483647;
			files = (
				8420FBE5198B191C0003BF97 /* categoriesTreeMeliTests.m in Sources */,
			);
			runOnlyForDeploymentPostprocessing = 0;
		};
/* End PBXSourcesBuildPhase section */

/* Begin PBXTargetDependency section */
		8420FBDD198B191C0003BF97 /* PBXTargetDependency */ = {
			isa = PBXTargetDependency;
			target = 8420FBB5198B191B0003BF97 /* categoriesTreeMeli */;
			targetProxy = 8420FBDC198B191C0003BF97 /* PBXContainerItemProxy */;
		};
/* End PBXTargetDependency section */

/* Begin PBXVariantGroup section */
		8420FBC2198B191B0003BF97 /* InfoPlist.strings */ = {
			isa = PBXVariantGroup;
			children = (
				8420FBC3198B191B0003BF97 /* en */,
			);
			name = InfoPlist.strings;
			sourceTree = "<group>";
		};
		8420FBE1198B191C0003BF97 /* InfoPlist.strings */ = {
			isa = PBXVariantGroup;
			children = (
				8420FBE2198B191C0003BF97 /* en */,
			);
			name = InfoPlist.strings;
			sourceTree = "<group>";
		};
/* End PBXVariantGroup section */

/* Begin XCBuildConfiguration section */
		8420FBE6198B191C0003BF97 /* Debug */ = {
			isa = XCBuildConfiguration;
			buildSettings = {
				ALWAYS_SEARCH_USER_PATHS = NO;
				CLANG_CXX_LANGUAGE_STANDARD = "gnu++0x";
				CLANG_CXX_LIBRARY = "libc++";
				CLANG_ENABLE_MODULES = YES;
				CLANG_ENABLE_OBJC_ARC = YES;
				CLANG_WARN_BOOL_CONVERSION = YES;
				CLANG_WARN_CONSTANT_CONVERSION = YES;
				CLANG_WARN_DIRECT_OBJC_ISA_USAGE = YES_ERROR;
				CLANG_WARN_EMPTY_BODY = YES;
				CLANG_WARN_ENUM_CONVERSION = YES;
				CLANG_WARN_INT_CONVERSION = YES;
				CLANG_WARN_OBJC_ROOT_CLASS = YES_ERROR;
				CLANG_WARN__DUPLICATE_METHOD_MATCH = YES;
				"CODE_SIGN_IDENTITY[sdk=iphoneos*]" = "iPhone Developer";
				COPY_PHASE_STRIP = NO;
				GCC_C_LANGUAGE_STANDARD = gnu99;
				GCC_DYNAMIC_NO_PIC = NO;
				GCC_OPTIMIZATION_LEVEL = 0;
				GCC_PREPROCESSOR_DEFINITIONS = (
					"DEBUG=1",
					"$(inherited)",
				);
				GCC_SYMBOLS_PRIVATE_EXTERN = NO;
				GCC_WARN_64_TO_32_BIT_CONVERSION = YES;
				GCC_WARN_ABOUT_RETURN_TYPE = YES_ERROR;
				GCC_WARN_UNDECLARED_SELECTOR = YES;
				GCC_WARN_UNINITIALIZED_AUTOS = YES_AGGRESSIVE;
				GCC_WARN_UNUSED_FUNCTION = YES;
				GCC_WARN_UNUSED_VARIABLE = YES;
				IPHONEOS_DEPLOYMENT_TARGET = 7.1;
				ONLY_ACTIVE_ARCH = YES;
				SDKROOT = iphoneos;
			};
			name = Debug;
		};
		8420FBE7198B191C0003BF97 /* Release */ = {
			isa = XCBuildConfiguration;
			buildSettings = {
				ALWAYS_SEARCH_USER_PATHS = NO;
				CLANG_CXX_LANGUAGE_STANDARD = "gnu++0x";
				CLANG_CXX_LIBRARY = "libc++";
				CLANG_ENABLE_MODULES = YES;
				CLANG_ENABLE_OBJC_ARC = YES;
				CLANG_WARN_BOOL_CONVERSION = YES;
				CLANG_WARN_CONSTANT_CONVERSION = YES;
				CLANG_WARN_DIRECT_OBJC_ISA_USAGE = YES_ERROR;
				CLANG_WARN_EMPTY_BODY = YES;
				CLANG_WARN_ENUM_CONVERSION = YES;
				CLANG_WARN_INT_CONVERSION = YES;
				CLANG_WARN_OBJC_ROOT_CLASS = YES_ERROR;
				CLANG_WARN__DUPLICATE_METHOD_MATCH = YES;
				"CODE_SIGN_IDENTITY[sdk=iphoneos*]" = "iPhone Developer";
				COPY_PHASE_STRIP = YES;
				ENABLE_NS_ASSERTIONS = NO;
				GCC_C_LANGUAGE_STANDARD = gnu99;
				GCC_WARN_64_TO_32_BIT_CONVERSION = YES;
				GCC_WARN_ABOUT_RETURN_TYPE = YES_ERROR;
				GCC_WARN_UNDECLARED_SELECTOR = YES;
				GCC_WARN_UNINITIALIZED_AUTOS = YES_AGGRESSIVE;
				GCC_WARN_UNUSED_FUNCTION = YES;
				GCC_WARN_UNUSED_VARIABLE = YES;
				IPHONEOS_DEPLOYMENT_TARGET = 7.1;
				SDKROOT = iphoneos;
				VALIDATE_PRODUCT = YES;
			};
			name = Release;
		};
		8420FBE9198B191C0003BF97 /* Debug */ = {
			isa = XCBuildConfiguration;
			buildSettings = {
				ASSETCATALOG_COMPILER_APPICON_NAME = AppIcon;
				ASSETCATALOG_COMPILER_LAUNCHIMAGE_NAME = LaunchImage;
				GCC_PRECOMPILE_PREFIX_HEADER = YES;
				GCC_PREFIX_HEADER = "categoriesTreeMeli/categoriesTreeMeli-Prefix.pch";
				INFOPLIST_FILE = "categoriesTreeMeli/categoriesTreeMeli-Info.plist";
				IPHONEOS_DEPLOYMENT_TARGET = 7.0;
				PRODUCT_NAME = "$(TARGET_NAME)";
				WRAPPER_EXTENSION = app;
			};
			name = Debug;
		};
		8420FBEA198B191C0003BF97 /* Release */ = {
			isa = XCBuildConfiguration;
			buildSettings = {
				ASSETCATALOG_COMPILER_APPICON_NAME = AppIcon;
				ASSETCATALOG_COMPILER_LAUNCHIMAGE_NAME = LaunchImage;
				GCC_PRECOMPILE_PREFIX_HEADER = YES;
				GCC_PREFIX_HEADER = "categoriesTreeMeli/categoriesTreeMeli-Prefix.pch";
				INFOPLIST_FILE = "categoriesTreeMeli/categoriesTreeMeli-Info.plist";
				IPHONEOS_DEPLOYMENT_TARGET = 7.0;
				PRODUCT_NAME = "$(TARGET_NAME)";
				WRAPPER_EXTENSION = app;
			};
			name = Release;
		};
		8420FBEC198B191C0003BF97 /* Debug */ = {
			isa = XCBuildConfiguration;
			buildSettings = {
				BUNDLE_LOADER = "$(BUILT_PRODUCTS_DIR)/categoriesTreeMeli.app/categoriesTreeMeli";
				FRAMEWORK_SEARCH_PATHS = (
					"$(SDKROOT)/Developer/Library/Frameworks",
					"$(inherited)",
					"$(DEVELOPER_FRAMEWORKS_DIR)",
				);
				GCC_PRECOMPILE_PREFIX_HEADER = YES;
				GCC_PREFIX_HEADER = "categoriesTreeMeli/categoriesTreeMeli-Prefix.pch";
				GCC_PREPROCESSOR_DEFINITIONS = (
					"DEBUG=1",
					"$(inherited)",
				);
				INFOPLIST_FILE = "categoriesTreeMeliTests/categoriesTreeMeliTests-Info.plist";
				PRODUCT_NAME = "$(TARGET_NAME)";
				TEST_HOST = "$(BUNDLE_LOADER)";
				WRAPPER_EXTENSION = xctest;
			};
			name = Debug;
		};
		8420FBED198B191C0003BF97 /* Release */ = {
			isa = XCBuildConfiguration;
			buildSettings = {
				BUNDLE_LOADER = "$(BUILT_PRODUCTS_DIR)/categoriesTreeMeli.app/categoriesTreeMeli";
				FRAMEWORK_SEARCH_PATHS = (
					"$(SDKROOT)/Developer/Library/Frameworks",
					"$(inherited)",
					"$(DEVELOPER_FRAMEWORKS_DIR)",
				);
				GCC_PRECOMPILE_PREFIX_HEADER = YES;
				GCC_PREFIX_HEADER = "categoriesTreeMeli/categoriesTreeMeli-Prefix.pch";
				INFOPLIST_FILE = "categoriesTreeMeliTests/categoriesTreeMeliTests-Info.plist";
				PRODUCT_NAME = "$(TARGET_NAME)";
				TEST_HOST = "$(BUNDLE_LOADER)";
				WRAPPER_EXTENSION = xctest;
			};
			name = Release;
		};
/* End XCBuildConfiguration section */

/* Begin XCConfigurationList section */
		8420FBB1198B191B0003BF97 /* Build configuration list for PBXProject "categoriesTreeMeli" */ = {
			isa = XCConfigurationList;
			buildConfigurations = (
				8420FBE6198B191C0003BF97 /* Debug */,
				8420FBE7198B191C0003BF97 /* Release */,
			);
			defaultConfigurationIsVisible = 0;
			defaultConfigurationName = Release;
		};
		8420FBE8198B191C0003BF97 /* Build configuration list for PBXNativeTarget "categoriesTreeMeli" */ = {
			isa = XCConfigurationList;
			buildConfigurations = (
				8420FBE9198B191C0003BF97 /* Debug */,
				8420FBEA198B191C0003BF97 /* Release */,
			);
			defaultConfigurationIsVisible = 0;
			defaultConfigurationName = Release;
		};
		8420FBEB198B191C0003BF97 /* Build configuration list for PBXNativeTarget "categoriesTreeMeliTests" */ = {
			isa = XCConfigurationList;
			buildConfigurations = (
				8420FBEC198B191C0003BF97 /* Debug */,
				8420FBED198B191C0003BF97 /* Release */,
			);
			defaultConfigurationIsVisible = 0;
			defaultConfigurationName = Release;
		};
/* End XCConfigurationList section */
	};
	rootObject = 8420FBAE198B191B0003BF97 /* Project object */;
}
